
Microsoft Visual Studio Solution File, Format Version 12.00
# Visual Studio Version 17
VisualStudioVersion = 17.7.34202.233
MinimumVisualStudioVersion = 10.0.40219.1
Project("{FAE04EC0-301F-11D3-BF4B-00C04F79EFBC}") = "WebAppDemo", "WebAppDemo\WebAppDemo.csproj", "{774DD477-A766-4749-8424-4180EC99779B}"
EndProject
Global
	GlobalSection(SolutionConfigurationPlatforms) = preSolution
		Debug|Any CPU = Debug|Any CPU
		Release|Any CPU = Release|Any CPU
	EndGlobalSection
	GlobalSection(ProjectConfigurationPlatforms) = postSolution
		{774DD477-A766-4749-8424-4180EC99779B}.Debug|Any CPU.ActiveCfg = Debug|Any CPU
		{774DD477-A766-4749-8424-4180EC99779B}.Debug|Any CPU.Build.0 = Debug|Any CPU
		{774DD477-A766-4749-8424-4180EC99779B}.Release|Any CPU.ActiveCfg = Release|Any CPU
		{774DD477-A766-4749-8424-4180EC99779B}.Release|Any CPU.Build.0 = Release|Any CPU
	EndGlobalSection
	GlobalSection(SolutionProperties) = preSolution
		HideSolutionNode = FALSE
	EndGlobalSection
	GlobalSection(ExtensibilityGlobals) = postSolution
		SolutionGuid = {C9B292A1-3501-44E5-A949-D35CD6D95E33}
	EndGlobalSection
EndGlobal
